
Microsoft Visual Studio Solution File, Format Version 12.00
# Visual Studio Version 16
VisualStudioVersion = 16.0.30907.101
MinimumVisualStudioVersion = 15.0.26124.0
Project("{9A19103F-16F7-4668-BE54-9A1E7A4F7556}") = "digitalprescriptionmodels", "digitalprescriptionmodels\digitalprescriptionmodels.csproj", "{1AD668FC-1A77-4C74-BA7F-E2A5DA73B860}"
EndProject
Project("{9A19103F-16F7-4668-BE54-9A1E7A4F7556}") = "digitalprescription", "digitalprescription\digitalprescription.csproj", "{BBA371F7-1BE6-4FDB-B36F-C46EB0DFE97F}"
EndProject
Global
	GlobalSection(SolutionConfigurationPlatforms) = preSolution
		Debug|Any CPU = Debug|Any CPU
		Debug|x64 = Debug|x64
		Debug|x86 = Debug|x86
		Release|Any CPU = Release|Any CPU
		Release|x64 = Release|x64
		Release|x86 = Release|x86
	EndGlobalSection
	GlobalSection(ProjectConfigurationPlatforms) = postSolution
		{1AD668FC-1A77-4C74-BA7F-E2A5DA73B860}.Debug|Any CPU.ActiveCfg = Debug|Any CPU
		{1AD668FC-1A77-4C74-BA7F-E2A5DA73B860}.Debug|Any CPU.Build.0 = Debug|Any CPU
		{1AD668FC-1A77-4C74-BA7F-E2A5DA73B860}.Debug|x64.ActiveCfg = Debug|Any CPU
		{1AD668FC-1A77-4C74-BA7F-E2A5DA73B860}.Debug|x64.Build.0 = Debug|Any CPU
		{1AD668FC-1A77-4C74-BA7F-E2A5DA73B860}.Debug|x86.ActiveCfg = Debug|Any CPU
		{1AD668FC-1A77-4C74-BA7F-E2A5DA73B860}.Debug|x86.Build.0 = Debug|Any CPU
		{1AD668FC-1A77-4C74-BA7F-E2A5DA73B860}.Release|Any CPU.ActiveCfg = Release|Any CPU
		{1AD668FC-1A77-4C74-BA7F-E2A5DA73B860}.Release|Any CPU.Build.0 = Release|Any CPU
		{1AD668FC-1A77-4C74-BA7F-E2A5DA73B860}.Release|x64.ActiveCfg = Release|Any CPU
		{1AD668FC-1A77-4C74-BA7F-E2A5DA73B860}.Release|x64.Build.0 = Release|Any CPU
		{1AD668FC-1A77-4C74-BA7F-E2A5DA73B860}.Release|x86.ActiveCfg = Release|Any CPU
		{1AD668FC-1A77-4C74-BA7F-E2A5DA73B860}.Release|x86.Build.0 = Release|Any CPU
		{BBA371F7-1BE6-4FDB-B36F-C46EB0DFE97F}.Debug|Any CPU.ActiveCfg = Debug|Any CPU
		{BBA371F7-1BE6-4FDB-B36F-C46EB0DFE97F}.Debug|Any CPU.Build.0 = Debug|Any CPU
		{BBA371F7-1BE6-4FDB-B36F-C46EB0DFE97F}.Debug|x64.ActiveCfg = Debug|Any CPU
		{BBA371F7-1BE6-4FDB-B36F-C46EB0DFE97F}.Debug|x64.Build.0 = Debug|Any CPU
		{BBA371F7-1BE6-4FDB-B36F-C46EB0DFE97F}.Debug|x86.ActiveCfg = Debug|Any CPU
		{BBA371F7-1BE6-4FDB-B36F-C46EB0DFE97F}.Debug|x86.Build.0 = Debug|Any CPU
		{BBA371F7-1BE6-4FDB-B36F-C46EB0DFE97F}.Release|Any CPU.ActiveCfg = Release|Any CPU
		{BBA371F7-1BE6-4FDB-B36F-C46EB0DFE97F}.Release|Any CPU.Build.0 = Release|Any CPU
		{BBA371F7-1BE6-4FDB-B36F-C46EB0DFE97F}.Release|x64.ActiveCfg = Release|Any CPU
		{BBA371F7-1BE6-4FDB-B36F-C46EB0DFE97F}.Release|x64.Build.0 = Release|Any CPU
		{BBA371F7-1BE6-4FDB-B36F-C46EB0DFE97F}.Release|x86.ActiveCfg = Release|Any CPU
		{BBA371F7-1BE6-4FDB-B36F-C46EB0DFE97F}.Release|x86.Build.0 = Release|Any CPU
	EndGlobalSection
	GlobalSection(SolutionProperties) = preSolution
		HideSolutionNode = FALSE
	EndGlobalSection
	GlobalSection(ExtensibilityGlobals) = postSolution
		SolutionGuid = {1EAC02E4-913E-45A8-8B81-8A57DDACB461}
	EndGlobalSection
EndGlobal
